// !$*UTF8*$!
{
	archiveVersion = 1;
	classes = {
	};
	objectVersion = 77;
	objects = {

/* Begin PBXBuildFile section */
		864F22662D6CF3C5008E2279 /* SidebarMenu.swift in Sources */ = {isa = PBXBuildFile; fileRef = 864F22652D6CF3C5008E2279 /* SidebarMenu.swift */; };
		86F2F03E2D663CA30007DD6D /* Assets.xcassets in Resources */ = {isa = PBXBuildFile; fileRef = 86F2F0372D663CA30007DD6D /* Assets.xcassets */; };
		86F2F03F2D663CA30007DD6D /* CATScan.xcdatamodeld in Sources */ = {isa = PBXBuildFile; fileRef = 86F2F0382D663CA30007DD6D /* CATScan.xcdatamodeld */; };
		86F2F0402D663CA30007DD6D /* CATScanApp.swift in Sources */ = {isa = PBXBuildFile; fileRef = 86F2F0392D663CA30007DD6D /* CATScanApp.swift */; };
		86F2F0422D663CA30007DD6D /* Persistence.swift in Sources */ = {isa = PBXBuildFile; fileRef = 86F2F03B2D663CA30007DD6D /* Persistence.swift */; };
		86F2F05D2D664ECB0007DD6D /* HomeView.swift in Sources */ = {isa = PBXBuildFile; fileRef = 86F2F05C2D664ECB0007DD6D /* HomeView.swift */; };
		86F2F05F2D6651140007DD6D /* ImagePicker.swift in Sources */ = {isa = PBXBuildFile; fileRef = 86F2F05E2D6651140007DD6D /* ImagePicker.swift */; };
/* End PBXBuildFile section */

/* Begin PBXContainerItemProxy section */
		8695E2372D53FA9A0004C30B /* PBXContainerItemProxy */ = {
			isa = PBXContainerItemProxy;
			containerPortal = 8695E2192D53FA930004C30B /* Project object */;
			proxyType = 1;
			remoteGlobalIDString = 8695E2202D53FA930004C30B;
			remoteInfo = CATScan;
		};
		8695E2412D53FA9A0004C30B /* PBXContainerItemProxy */ = {
			isa = PBXContainerItemProxy;
			containerPortal = 8695E2192D53FA930004C30B /* Project object */;
			proxyType = 1;
			remoteGlobalIDString = 8695E2202D53FA930004C30B;
			remoteInfo = CATScan;
		};
/* End PBXContainerItemProxy section */

/* Begin PBXFileReference section */
		864F22652D6CF3C5008E2279 /* SidebarMenu.swift */ = {isa = PBXFileReference; lastKnownFileType = sourcecode.swift; path = SidebarMenu.swift; sourceTree = "<group>"; };
		8695E2212D53FA930004C30B /* CATScan.app */ = {isa = PBXFileReference; explicitFileType = wrapper.application; includeInIndex = 0; path = CATScan.app; sourceTree = BUILT_PRODUCTS_DIR; };
		8695E2362D53FA9A0004C30B /* CATScanTests.xctest */ = {isa = PBXFileReference; explicitFileType = wrapper.cfbundle; includeInIndex = 0; path = CATScanTests.xctest; sourceTree = BUILT_PRODUCTS_DIR; };
		8695E2402D53FA9A0004C30B /* CATScanUITests.xctest */ = {isa = PBXFileReference; explicitFileType = wrapper.cfbundle; includeInIndex = 0; path = CATScanUITests.xctest; sourceTree = BUILT_PRODUCTS_DIR; };
		86F2F0372D663CA30007DD6D /* Assets.xcassets */ = {isa = PBXFileReference; lastKnownFileType = folder.assetcatalog; path = Assets.xcassets; sourceTree = "<group>"; };
		86F2F0392D663CA30007DD6D /* CATScanApp.swift */ = {isa = PBXFileReference; lastKnownFileType = sourcecode.swift; path = CATScanApp.swift; sourceTree = "<group>"; };
		86F2F03B2D663CA30007DD6D /* Persistence.swift */ = {isa = PBXFileReference; lastKnownFileType = sourcecode.swift; path = Persistence.swift; sourceTree = "<group>"; };
		86F2F03C2D663CA30007DD6D /* CATScan.xcdatamodel */ = {isa = PBXFileReference; lastKnownFileType = wrapper.xcdatamodel; path = CATScan.xcdatamodel; sourceTree = "<group>"; };
		86F2F05C2D664ECB0007DD6D /* HomeView.swift */ = {isa = PBXFileReference; lastKnownFileType = sourcecode.swift; path = HomeView.swift; sourceTree = "<group>"; };
		86F2F05E2D6651140007DD6D /* ImagePicker.swift */ = {isa = PBXFileReference; lastKnownFileType = sourcecode.swift; path = ImagePicker.swift; sourceTree = "<group>"; };
/* End PBXFileReference section */

/* Begin PBXFileSystemSynchronizedRootGroup section */
		8695E2392D53FA9A0004C30B /* CATScanTests */ = {
			isa = PBXFileSystemSynchronizedRootGroup;
			path = CATScanTests;
			sourceTree = "<group>";
		};
		8695E2432D53FA9A0004C30B /* CATScanUITests */ = {
			isa = PBXFileSystemSynchronizedRootGroup;
			path = CATScanUITests;
			sourceTree = "<group>";
		};
/* End PBXFileSystemSynchronizedRootGroup section */

/* Begin PBXFrameworksBuildPhase section */
		8695E21E2D53FA930004C30B /* Frameworks */ = {
			isa = PBXFrameworksBuildPhase;
			buildActionMask = 2147483647;
			files = (
			);
			runOnlyForDeploymentPostprocessing = 0;
		};
		8695E2332D53FA9A0004C30B /* Frameworks */ = {
			isa = PBXFrameworksBuildPhase;
			buildActionMask = 2147483647;
			files = (
			);
			runOnlyForDeploymentPostprocessing = 0;
		};
		8695E23D2D53FA9A0004C30B /* Frameworks */ = {
			isa = PBXFrameworksBuildPhase;
			buildActionMask = 2147483647;
			files = (
			);
			runOnlyForDeploymentPostprocessing = 0;
		};
/* End PBXFrameworksBuildPhase section */

/* Begin PBXGroup section */
		8695E2182D53FA930004C30B = {
			isa = PBXGroup;
			children = (
				86F2F0532D664B4F0007DD6D /* Preview Content */,
				86F2F04E2D663E600007DD6D /* Utils */,
				86F2F04D2D663E570007DD6D /* CoreML */,
				86F2F04C2D663E510007DD6D /* Assets */,
				86F2F04B2D663E4B0007DD6D /* Models */,
				86F2F04A2D663E420007DD6D /* Components */,
				86F2F0492D663E3B0007DD6D /* Views */,
				86F2F0382D663CA30007DD6D /* CATScan.xcdatamodeld */,
				86F2F0392D663CA30007DD6D /* CATScanApp.swift */,
				86F2F03B2D663CA30007DD6D /* Persistence.swift */,
				8695E2392D53FA9A0004C30B /* CATScanTests */,
				8695E2432D53FA9A0004C30B /* CATScanUITests */,
				8695E2222D53FA930004C30B /* Products */,
			);
			sourceTree = "<group>";
		};
		8695E2222D53FA930004C30B /* Products */ = {
			isa = PBXGroup;
			children = (
				8695E2212D53FA930004C30B /* CATScan.app */,
				8695E2362D53FA9A0004C30B /* CATScanTests.xctest */,
				8695E2402D53FA9A0004C30B /* CATScanUITests.xctest */,
			);
			name = Products;
			sourceTree = "<group>";
		};
		86F2F0492D663E3B0007DD6D /* Views */ = {
			isa = PBXGroup;
			children = (
				86F2F05C2D664ECB0007DD6D /* HomeView.swift */,
				864F22652D6CF3C5008E2279 /* SidebarMenu.swift */,
			);
			path = Views;
			sourceTree = "<group>";
		};
		86F2F04A2D663E420007DD6D /* Components */ = {
			isa = PBXGroup;
			children = (
				86F2F05E2D6651140007DD6D /* ImagePicker.swift */,
			);
			path = Components;
			sourceTree = "<group>";
		};
		86F2F04B2D663E4B0007DD6D /* Models */ = {
			isa = PBXGroup;
			children = (
			);
			path = Models;
			sourceTree = "<group>";
		};
		86F2F04C2D663E510007DD6D /* Assets */ = {
			isa = PBXGroup;
			children = (
				86F2F0372D663CA30007DD6D /* Assets.xcassets */,
			);
			path = Assets;
			sourceTree = "<group>";
		};
		86F2F04D2D663E570007DD6D /* CoreML */ = {
			isa = PBXGroup;
			children = (
			);
			path = CoreML;
			sourceTree = "<group>";
		};
		86F2F04E2D663E600007DD6D /* Utils */ = {
			isa = PBXGroup;
			children = (
			);
			path = Utils;
			sourceTree = "<group>";
		};
		86F2F0532D664B4F0007DD6D /* Preview Content */ = {
			isa = PBXGroup;
			children = (
			);
			path = "Preview Content";
			sourceTree = "<group>";
		};
/* End PBXGroup section */

/* Begin PBXNativeTarget section */
		8695E2202D53FA930004C30B /* CATScan */ = {
			isa = PBXNativeTarget;
			buildConfigurationList = 8695E24A2D53FA9A0004C30B /* Build configuration list for PBXNativeTarget "CATScan" */;
			buildPhases = (
				8695E21D2D53FA930004C30B /* Sources */,
				8695E21E2D53FA930004C30B /* Frameworks */,
				8695E21F2D53FA930004C30B /* Resources */,
			);
			buildRules = (
			);
			dependencies = (
			);
			name = CATScan;
			packageProductDependencies = (
			);
			productName = CATScan;
			productReference = 8695E2212D53FA930004C30B /* CATScan.app */;
			productType = "com.apple.product-type.application";
		};
		8695E2352D53FA9A0004C30B /* CATScanTests */ = {
			isa = PBXNativeTarget;
			buildConfigurationList = 8695E24D2D53FA9A0004C30B /* Build configuration list for PBXNativeTarget "CATScanTests" */;
			buildPhases = (
				8695E2322D53FA9A0004C30B /* Sources */,
				8695E2332D53FA9A0004C30B /* Frameworks */,
				8695E2342D53FA9A0004C30B /* Resources */,
			);
			buildRules = (
			);
			dependencies = (
				8695E2382D53FA9A0004C30B /* PBXTargetDependency */,
			);
			fileSystemSynchronizedGroups = (
				8695E2392D53FA9A0004C30B /* CATScanTests */,
			);
			name = CATScanTests;
			packageProductDependencies = (
			);
			productName = CATScanTests;
			productReference = 8695E2362D53FA9A0004C30B /* CATScanTests.xctest */;
			productType = "com.apple.product-type.bundle.unit-test";
		};
		8695E23F2D53FA9A0004C30B /* CATScanUITests */ = {
			isa = PBXNativeTarget;
			buildConfigurationList = 8695E2502D53FA9A0004C30B /* Build configuration list for PBXNativeTarget "CATScanUITests" */;
			buildPhases = (
				8695E23C2D53FA9A0004C30B /* Sources */,
				8695E23D2D53FA9A0004C30B /* Frameworks */,
				8695E23E2D53FA9A0004C30B /* Resources */,
			);
			buildRules = (
			);
			dependencies = (
				8695E2422D53FA9A0004C30B /* PBXTargetDependency */,
			);
			fileSystemSynchronizedGroups = (
				8695E2432D53FA9A0004C30B /* CATScanUITests */,
			);
			name = CATScanUITests;
			packageProductDependencies = (
			);
			productName = CATScanUITests;
			productReference = 8695E2402D53FA9A0004C30B /* CATScanUITests.xctest */;
			productType = "com.apple.product-type.bundle.ui-testing";
		};
/* End PBXNativeTarget section */

/* Begin PBXProject section */
		8695E2192D53FA930004C30B /* Project object */ = {
			isa = PBXProject;
			attributes = {
				BuildIndependentTargetsInParallel = 1;
				LastSwiftUpdateCheck = 1620;
				LastUpgradeCheck = 1620;
				TargetAttributes = {
					8695E2202D53FA930004C30B = {
						CreatedOnToolsVersion = 16.2;
					};
					8695E2352D53FA9A0004C30B = {
						CreatedOnToolsVersion = 16.2;
						TestTargetID = 8695E2202D53FA930004C30B;
					};
					8695E23F2D53FA9A0004C30B = {
						CreatedOnToolsVersion = 16.2;
						TestTargetID = 8695E2202D53FA930004C30B;
					};
				};
			};
			buildConfigurationList = 8695E21C2D53FA930004C30B /* Build configuration list for PBXProject "CATScan" */;
			developmentRegion = en;
			hasScannedForEncodings = 0;
			knownRegions = (
				en,
				Base,
			);
			mainGroup = 8695E2182D53FA930004C30B;
			minimizedProjectReferenceProxies = 1;
			preferredProjectObjectVersion = 77;
			productRefGroup = 8695E2222D53FA930004C30B /* Products */;
			projectDirPath = "";
			projectRoot = "";
			targets = (
				8695E2202D53FA930004C30B /* CATScan */,
				8695E2352D53FA9A0004C30B /* CATScanTests */,
				8695E23F2D53FA9A0004C30B /* CATScanUITests */,
			);
		};
/* End PBXProject section */

/* Begin PBXResourcesBuildPhase section */
		8695E21F2D53FA930004C30B /* Resources */ = {
			isa = PBXResourcesBuildPhase;
			buildActionMask = 2147483647;
			files = (
				86F2F03E2D663CA30007DD6D /* Assets.xcassets in Resources */,
			);
			runOnlyForDeploymentPostprocessing = 0;
		};
		8695E2342D53FA9A0004C30B /* Resources */ = {
			isa = PBXResourcesBuildPhase;
			buildActionMask = 2147483647;
			files = (
			);
			runOnlyForDeploymentPostprocessing = 0;
		};
		8695E23E2D53FA9A0004C30B /* Resources */ = {
			isa = PBXResourcesBuildPhase;
			buildActionMask = 2147483647;
			files = (
			);
			runOnlyForDeploymentPostprocessing = 0;
		};
/* End PBXResourcesBuildPhase section */

/* Begin PBXSourcesBuildPhase section */
		8695E21D2D53FA930004C30B /* Sources */ = {
			isa = PBXSourcesBuildPhase;
			buildActionMask = 2147483647;
			files = (
				86F2F03F2D663CA30007DD6D /* CATScan.xcdatamodeld in Sources */,
				86F2F0402D663CA30007DD6D /* CATScanApp.swift in Sources */,
				86F2F05F2D6651140007DD6D /* ImagePicker.swift in Sources */,
				864F22662D6CF3C5008E2279 /* SidebarMenu.swift in Sources */,
				86F2F05D2D664ECB0007DD6D /* HomeView.swift in Sources */,
				86F2F0422D663CA30007DD6D /* Persistence.swift in Sources */,
			);
			runOnlyForDeploymentPostprocessing = 0;
		};
		8695E2322D53FA9A0004C30B /* Sources */ = {
			isa = PBXSourcesBuildPhase;
			buildActionMask = 2147483647;
			files = (
			);
			runOnlyForDeploymentPostprocessing = 0;
		};
		8695E23C2D53FA9A0004C30B /* Sources */ = {
			isa = PBXSourcesBuildPhase;
			buildActionMask = 2147483647;
			files = (
			);
			runOnlyForDeploymentPostprocessing = 0;
		};
/* End PBXSourcesBuildPhase section */

/* Begin PBXTargetDependency section */
		8695E2382D53FA9A0004C30B /* PBXTargetDependency */ = {
			isa = PBXTargetDependency;
			target = 8695E2202D53FA930004C30B /* CATScan */;
			targetProxy = 8695E2372D53FA9A0004C30B /* PBXContainerItemProxy */;
		};
		8695E2422D53FA9A0004C30B /* PBXTargetDependency */ = {
			isa = PBXTargetDependency;
			target = 8695E2202D53FA930004C30B /* CATScan */;
			targetProxy = 8695E2412D53FA9A0004C30B /* PBXContainerItemProxy */;
		};
/* End PBXTargetDependency section */

/* Begin XCBuildConfiguration section */
		8695E2482D53FA9A0004C30B /* Debug */ = {
			isa = XCBuildConfiguration;
			buildSettings = {
				ALWAYS_SEARCH_USER_PATHS = NO;
				ASSETCATALOG_COMPILER_GENERATE_SWIFT_ASSET_SYMBOL_EXTENSIONS = YES;
				CLANG_ANALYZER_NONNULL = YES;
				CLANG_ANALYZER_NUMBER_OBJECT_CONVERSION = YES_AGGRESSIVE;
				CLANG_CXX_LANGUAGE_STANDARD = "gnu++20";
				CLANG_ENABLE_MODULES = YES;
				CLANG_ENABLE_OBJC_ARC = YES;
				CLANG_ENABLE_OBJC_WEAK = YES;
				CLANG_WARN_BLOCK_CAPTURE_AUTORELEASING = YES;
				CLANG_WARN_BOOL_CONVERSION = YES;
				CLANG_WARN_COMMA = YES;
				CLANG_WARN_CONSTANT_CONVERSION = YES;
				CLANG_WARN_DEPRECATED_OBJC_IMPLEMENTATIONS = YES;
				CLANG_WARN_DIRECT_OBJC_ISA_USAGE = YES_ERROR;
				CLANG_WARN_DOCUMENTATION_COMMENTS = YES;
				CLANG_WARN_EMPTY_BODY = YES;
				CLANG_WARN_ENUM_CONVERSION = YES;
				CLANG_WARN_INFINITE_RECURSION = YES;
				CLANG_WARN_INT_CONVERSION = YES;
				CLANG_WARN_NON_LITERAL_NULL_CONVERSION = YES;
				CLANG_WARN_OBJC_IMPLICIT_RETAIN_SELF = YES;
				CLANG_WARN_OBJC_LITERAL_CONVERSION = YES;
				CLANG_WARN_OBJC_ROOT_CLASS = YES_ERROR;
				CLANG_WARN_QUOTED_INCLUDE_IN_FRAMEWORK_HEADER = YES;
				CLANG_WARN_RANGE_LOOP_ANALYSIS = YES;
				CLANG_WARN_STRICT_PROTOTYPES = YES;
				CLANG_WARN_SUSPICIOUS_MOVE = YES;
				CLANG_WARN_UNGUARDED_AVAILABILITY = YES_AGGRESSIVE;
				CLANG_WARN_UNREACHABLE_CODE = YES;
				CLANG_WARN__DUPLICATE_METHOD_MATCH = YES;
				COPY_PHASE_STRIP = NO;
				DEBUG_INFORMATION_FORMAT = dwarf;
				ENABLE_STRICT_OBJC_MSGSEND = YES;
				ENABLE_TESTABILITY = YES;
				ENABLE_USER_SCRIPT_SANDBOXING = YES;
				GCC_C_LANGUAGE_STANDARD = gnu17;
				GCC_DYNAMIC_NO_PIC = NO;
				GCC_NO_COMMON_BLOCKS = YES;
				GCC_OPTIMIZATION_LEVEL = 0;
				GCC_PREPROCESSOR_DEFINITIONS = (
					"DEBUG=1",
					"$(inherited)",
				);
				GCC_WARN_64_TO_32_BIT_CONVERSION = YES;
				GCC_WARN_ABOUT_RETURN_TYPE = YES_ERROR;
				GCC_WARN_UNDECLARED_SELECTOR = YES;
				GCC_WARN_UNINITIALIZED_AUTOS = YES_AGGRESSIVE;
				GCC_WARN_UNUSED_FUNCTION = YES;
				GCC_WARN_UNUSED_VARIABLE = YES;
				IPHONEOS_DEPLOYMENT_TARGET = 18.2;
				LOCALIZATION_PREFERS_STRING_CATALOGS = YES;
				MTL_ENABLE_DEBUG_INFO = INCLUDE_SOURCE;
				MTL_FAST_MATH = YES;
				ONLY_ACTIVE_ARCH = YES;
				SDKROOT = iphoneos;
				SWIFT_ACTIVE_COMPILATION_CONDITIONS = "DEBUG $(inherited)";
				SWIFT_OPTIMIZATION_LEVEL = "-Onone";
			};
			name = Debug;
		};
		8695E2492D53FA9A0004C30B /* Release */ = {
			isa = XCBuildConfiguration;
			buildSettings = {
				ALWAYS_SEARCH_USER_PATHS = NO;
				ASSETCATALOG_COMPILER_GENERATE_SWIFT_ASSET_SYMBOL_EXTENSIONS = YES;
				CLANG_ANALYZER_NONNULL = YES;
				CLANG_ANALYZER_NUMBER_OBJECT_CONVERSION = YES_AGGRESSIVE;
				CLANG_CXX_LANGUAGE_STANDARD = "gnu++20";
				CLANG_ENABLE_MODULES = YES;
				CLANG_ENABLE_OBJC_ARC = YES;
				CLANG_ENABLE_OBJC_WEAK = YES;
				CLANG_WARN_BLOCK_CAPTURE_AUTORELEASING = YES;
				CLANG_WARN_BOOL_CONVERSION = YES;
				CLANG_WARN_COMMA = YES;
				CLANG_WARN_CONSTANT_CONVERSION = YES;
				CLANG_WARN_DEPRECATED_OBJC_IMPLEMENTATIONS = YES;
				CLANG_WARN_DIRECT_OBJC_ISA_USAGE = YES_ERROR;
				CLANG_WARN_DOCUMENTATION_COMMENTS = YES;
				CLANG_WARN_EMPTY_BODY = YES;
				CLANG_WARN_ENUM_CONVERSION = YES;
				CLANG_WARN_INFINITE_RECURSION = YES;
				CLANG_WARN_INT_CONVERSION = YES;
				CLANG_WARN_NON_LITERAL_NULL_CONVERSION = YES;
				CLANG_WARN_OBJC_IMPLICIT_RETAIN_SELF = YES;
				CLANG_WARN_OBJC_LITERAL_CONVERSION = YES;
				CLANG_WARN_OBJC_ROOT_CLASS = YES_ERROR;
				CLANG_WARN_QUOTED_INCLUDE_IN_FRAMEWORK_HEADER = YES;
				CLANG_WARN_RANGE_LOOP_ANALYSIS = YES;
				CLANG_WARN_STRICT_PROTOTYPES = YES;
				CLANG_WARN_SUSPICIOUS_MOVE = YES;
				CLANG_WARN_UNGUARDED_AVAILABILITY = YES_AGGRESSIVE;
				CLANG_WARN_UNREACHABLE_CODE = YES;
				CLANG_WARN__DUPLICATE_METHOD_MATCH = YES;
				COPY_PHASE_STRIP = NO;
				DEBUG_INFORMATION_FORMAT = "dwarf-with-dsym";
				ENABLE_NS_ASSERTIONS = NO;
				ENABLE_STRICT_OBJC_MSGSEND = YES;
				ENABLE_USER_SCRIPT_SANDBOXING = YES;
				GCC_C_LANGUAGE_STANDARD = gnu17;
				GCC_NO_COMMON_BLOCKS = YES;
				GCC_WARN_64_TO_32_BIT_CONVERSION = YES;
				GCC_WARN_ABOUT_RETURN_TYPE = YES_ERROR;
				GCC_WARN_UNDECLARED_SELECTOR = YES;
				GCC_WARN_UNINITIALIZED_AUTOS = YES_AGGRESSIVE;
				GCC_WARN_UNUSED_FUNCTION = YES;
				GCC_WARN_UNUSED_VARIABLE = YES;
				IPHONEOS_DEPLOYMENT_TARGET = 18.2;
				LOCALIZATION_PREFERS_STRING_CATALOGS = YES;
				MTL_ENABLE_DEBUG_INFO = NO;
				MTL_FAST_MATH = YES;
				SDKROOT = iphoneos;
				SWIFT_COMPILATION_MODE = wholemodule;
				VALIDATE_PRODUCT = YES;
			};
			name = Release;
		};
		8695E24B2D53FA9A0004C30B /* Debug */ = {
			isa = XCBuildConfiguration;
			buildSettings = {
				ASSETCATALOG_COMPILER_APPICON_NAME = AppIcon;
				ASSETCATALOG_COMPILER_GLOBAL_ACCENT_COLOR_NAME = AccentColor;
				CODE_SIGN_STYLE = Automatic;
				CURRENT_PROJECT_VERSION = 1;
				DEVELOPMENT_ASSET_PATHS = "\"Preview Content\"";
				DEVELOPMENT_TEAM = 7G2LUFDCQA;
				ENABLE_PREVIEWS = YES;
				GENERATE_INFOPLIST_FILE = YES;
				INFOPLIST_KEY_UIApplicationSceneManifest_Generation = YES;
				INFOPLIST_KEY_UIApplicationSupportsIndirectInputEvents = YES;
				INFOPLIST_KEY_UILaunchScreen_Generation = YES;
				INFOPLIST_KEY_UISupportedInterfaceOrientations_iPad = "UIInterfaceOrientationPortrait UIInterfaceOrientationPortraitUpsideDown UIInterfaceOrientationLandscapeLeft UIInterfaceOrientationLandscapeRight";
				INFOPLIST_KEY_UISupportedInterfaceOrientations_iPhone = "UIInterfaceOrientationPortrait UIInterfaceOrientationLandscapeLeft UIInterfaceOrientationLandscapeRight";
				LD_RUNPATH_SEARCH_PATHS = (
					"$(inherited)",
					"@executable_path/Frameworks",
				);
				MARKETING_VERSION = 1.0;
				PRODUCT_BUNDLE_IDENTIFIER = com.cvallas.CATScan;
				PRODUCT_NAME = "$(TARGET_NAME)";
				SWIFT_EMIT_LOC_STRINGS = YES;
				SWIFT_VERSION = 5.0;
				TARGETED_DEVICE_FAMILY = "1,2";
			};
			name = Debug;
		};
		8695E24C2D53FA9A0004C30B /* Release */ = {
			isa = XCBuildConfiguration;
			buildSettings = {
				ASSETCATALOG_COMPILER_APPICON_NAME = AppIcon;
				ASSETCATALOG_COMPILER_GLOBAL_ACCENT_COLOR_NAME = AccentColor;
				CODE_SIGN_STYLE = Automatic;
				CURRENT_PROJECT_VERSION = 1;
				DEVELOPMENT_ASSET_PATHS = "\"Preview Content\"";
				DEVELOPMENT_TEAM = 7G2LUFDCQA;
				ENABLE_PREVIEWS = YES;
				GENERATE_INFOPLIST_FILE = YES;
				INFOPLIST_KEY_UIApplicationSceneManifest_Generation = YES;
				INFOPLIST_KEY_UIApplicationSupportsIndirectInputEvents = YES;
				INFOPLIST_KEY_UILaunchScreen_Generation = YES;
				INFOPLIST_KEY_UISupportedInterfaceOrientations_iPad = "UIInterfaceOrientationPortrait UIInterfaceOrientationPortraitUpsideDown UIInterfaceOrientationLandscapeLeft UIInterfaceOrientationLandscapeRight";
				INFOPLIST_KEY_UISupportedInterfaceOrientations_iPhone = "UIInterfaceOrientationPortrait UIInterfaceOrientationLandscapeLeft UIInterfaceOrientationLandscapeRight";
				LD_RUNPATH_SEARCH_PATHS = (
					"$(inherited)",
					"@executable_path/Frameworks",
				);
				MARKETING_VERSION = 1.0;
				PRODUCT_BUNDLE_IDENTIFIER = com.cvallas.CATScan;
				PRODUCT_NAME = "$(TARGET_NAME)";
				SWIFT_EMIT_LOC_STRINGS = YES;
				SWIFT_VERSION = 5.0;
				TARGETED_DEVICE_FAMILY = "1,2";
			};
			name = Release;
		};
		8695E24E2D53FA9A0004C30B /* Debug */ = {
			isa = XCBuildConfiguration;
			buildSettings = {
				BUNDLE_LOADER = "$(TEST_HOST)";
				CODE_SIGN_STYLE = Automatic;
				CURRENT_PROJECT_VERSION = 1;
				GENERATE_INFOPLIST_FILE = YES;
				IPHONEOS_DEPLOYMENT_TARGET = 18.2;
				MARKETING_VERSION = 1.0;
				PRODUCT_BUNDLE_IDENTIFIER = "Cat-Scan-App.CATScanTests";
				PRODUCT_NAME = "$(TARGET_NAME)";
				SWIFT_EMIT_LOC_STRINGS = NO;
				SWIFT_VERSION = 5.0;
				TARGETED_DEVICE_FAMILY = "1,2";
				TEST_HOST = "$(BUILT_PRODUCTS_DIR)/CATScan.app/$(BUNDLE_EXECUTABLE_FOLDER_PATH)/CATScan";
			};
			name = Debug;
		};
		8695E24F2D53FA9A0004C30B /* Release */ = {
			isa = XCBuildConfiguration;
			buildSettings = {
				BUNDLE_LOADER = "$(TEST_HOST)";
				CODE_SIGN_STYLE = Automatic;
				CURRENT_PROJECT_VERSION = 1;
				GENERATE_INFOPLIST_FILE = YES;
				IPHONEOS_DEPLOYMENT_TARGET = 18.2;
				MARKETING_VERSION = 1.0;
				PRODUCT_BUNDLE_IDENTIFIER = "Cat-Scan-App.CATScanTests";
				PRODUCT_NAME = "$(TARGET_NAME)";
				SWIFT_EMIT_LOC_STRINGS = NO;
				SWIFT_VERSION = 5.0;
				TARGETED_DEVICE_FAMILY = "1,2";
				TEST_HOST = "$(BUILT_PRODUCTS_DIR)/CATScan.app/$(BUNDLE_EXECUTABLE_FOLDER_PATH)/CATScan";
			};
			name = Release;
		};
		8695E2512D53FA9A0004C30B /* Debug */ = {
			isa = XCBuildConfiguration;
			buildSettings = {
				CODE_SIGN_STYLE = Automatic;
				CURRENT_PROJECT_VERSION = 1;
				GENERATE_INFOPLIST_FILE = YES;
				MARKETING_VERSION = 1.0;
				PRODUCT_BUNDLE_IDENTIFIER = "Cat-Scan-App.CATScanUITests";
				PRODUCT_NAME = "$(TARGET_NAME)";
				SWIFT_EMIT_LOC_STRINGS = NO;
				SWIFT_VERSION = 5.0;
				TARGETED_DEVICE_FAMILY = "1,2";
				TEST_TARGET_NAME = CATScan;
			};
			name = Debug;
		};
		8695E2522D53FA9A0004C30B /* Release */ = {
			isa = XCBuildConfiguration;
			buildSettings = {
				CODE_SIGN_STYLE = Automatic;
				CURRENT_PROJECT_VERSION = 1;
				GENERATE_INFOPLIST_FILE = YES;
				MARKETING_VERSION = 1.0;
				PRODUCT_BUNDLE_IDENTIFIER = "Cat-Scan-App.CATScanUITests";
				PRODUCT_NAME = "$(TARGET_NAME)";
				SWIFT_EMIT_LOC_STRINGS = NO;
				SWIFT_VERSION = 5.0;
				TARGETED_DEVICE_FAMILY = "1,2";
				TEST_TARGET_NAME = CATScan;
			};
			name = Release;
		};
/* End XCBuildConfiguration section */

/* Begin XCConfigurationList section */
		8695E21C2D53FA930004C30B /* Build configuration list for PBXProject "CATScan" */ = {
			isa = XCConfigurationList;
			buildConfigurations = (
				8695E2482D53FA9A0004C30B /* Debug */,
				8695E2492D53FA9A0004C30B /* Release */,
			);
			defaultConfigurationIsVisible = 0;
			defaultConfigurationName = Release;
		};
		8695E24A2D53FA9A0004C30B /* Build configuration list for PBXNativeTarget "CATScan" */ = {
			isa = XCConfigurationList;
			buildConfigurations = (
				8695E24B2D53FA9A0004C30B /* Debug */,
				8695E24C2D53FA9A0004C30B /* Release */,
			);
			defaultConfigurationIsVisible = 0;
			defaultConfigurationName = Release;
		};
		8695E24D2D53FA9A0004C30B /* Build configuration list for PBXNativeTarget "CATScanTests" */ = {
			isa = XCConfigurationList;
			buildConfigurations = (
				8695E24E2D53FA9A0004C30B /* Debug */,
				8695E24F2D53FA9A0004C30B /* Release */,
			);
			defaultConfigurationIsVisible = 0;
			defaultConfigurationName = Release;
		};
		8695E2502D53FA9A0004C30B /* Build configuration list for PBXNativeTarget "CATScanUITests" */ = {
			isa = XCConfigurationList;
			buildConfigurations = (
				8695E2512D53FA9A0004C30B /* Debug */,
				8695E2522D53FA9A0004C30B /* Release */,
			);
			defaultConfigurationIsVisible = 0;
			defaultConfigurationName = Release;
		};
/* End XCConfigurationList section */

/* Begin XCVersionGroup section */
		86F2F0382D663CA30007DD6D /* CATScan.xcdatamodeld */ = {
			isa = XCVersionGroup;
			children = (
				86F2F03C2D663CA30007DD6D /* CATScan.xcdatamodel */,
			);
			currentVersion = 86F2F03C2D663CA30007DD6D /* CATScan.xcdatamodel */;
			path = CATScan.xcdatamodeld;
			sourceTree = "<group>";
			versionGroupType = wrapper.xcdatamodel;
		};
/* End XCVersionGroup section */
	};
	rootObject = 8695E2192D53FA930004C30B /* Project object */;
}
